// !$*UTF8*$!
{
	archiveVersion = 1;
	classes = {
	};
	objectVersion = 46;
	objects = {

/* Begin PBXBuildFile section */
		373910301897F2FF002E4BDC /* icon-gallery.svg in Resources */ = {isa = PBXBuildFile; fileRef = 3739102F1897F2FF002E4BDC /* icon-gallery.svg */; };
		373910331899188D002E4BDC /* Localizable.strings in Resources */ = {isa = PBXBuildFile; fileRef = 373910351899188D002E4BDC /* Localizable.strings */; };
		659B73C981A0829358DF0881 /* BBImagePickerController.m in Sources */ = {isa = PBXBuildFile; fileRef = 659B79B3B666E01D9A8FF89E /* BBImagePickerController.m */; };
		BF8C9071B92D40A2D6C652BD /* main.m in Sources */ = {isa = PBXBuildFile; fileRef = BF8C9B208BAAB86996B8B49A /* main.m */; };
		BF8C908F351BD4B72F4658C5 /* UIKit.framework in Frameworks */ = {isa = PBXBuildFile; fileRef = BF8C9F46C197C940BFDD2246 /* UIKit.framework */; };
		BF8C90FF9D748D031121A31E /* Foundation.framework in Frameworks */ = {isa = PBXBuildFile; fileRef = BF8C909B038C3C71059DDEBB /* Foundation.framework */; };
		BF8C910AB8B7CDE8D37CC585 /* icon-check.svg in Resources */ = {isa = PBXBuildFile; fileRef = BF8C9C2DFF02FB49CD1C3A86 /* icon-check.svg */; };
		BF8C91802543E2CC0A86F84F /* default.css in Resources */ = {isa = PBXBuildFile; fileRef = BF8C9873DDA5BC83FC085B23 /* default.css */; };
		BF8C92E3E66F7F0E77F71059 /* Main.storyboard in Resources */ = {isa = PBXBuildFile; fileRef = BF8C974498D32B8B09F8BB81 /* Main.storyboard */; };
		BF8C931CFB484D2C8045824E /* InfoPlist.strings in Resources */ = {isa = PBXBuildFile; fileRef = BF8C9D64C965735EEA4F1132 /* InfoPlist.strings */; };
		BF8C937AFE91B273A99ADC88 /* BBImageCollectionViewController.m in Sources */ = {isa = PBXBuildFile; fileRef = BF8C93B9AFA0FAD1FAAA55E0 /* BBImageCollectionViewController.m */; };
		BF8C937B6421FCA2DCD0F082 /* BBMainController.m in Sources */ = {isa = PBXBuildFile; fileRef = BF8C97661E0F4975C047DEF1 /* BBMainController.m */; };
		BF8C958D410A3C8134EBF17D /* CoreGraphics.framework in Frameworks */ = {isa = PBXBuildFile; fileRef = BF8C99232E2EE0E0D11EFD89 /* CoreGraphics.framework */; };
		BF8C95D804108A23FEB79DF8 /* UIKit.framework in Frameworks */ = {isa = PBXBuildFile; fileRef = BF8C9F46C197C940BFDD2246 /* UIKit.framework */; };
		BF8C9880FED4DA39718BBE87 /* XCTest.framework in Frameworks */ = {isa = PBXBuildFile; fileRef = BF8C97773CD6D60DEFCFCB54 /* XCTest.framework */; };
		BF8C99B427FD367701956FE9 /* icon-check-circle.svg in Resources */ = {isa = PBXBuildFile; fileRef = BF8C9F3815FF8258A58248BF /* icon-check-circle.svg */; };
		BF8C9B636C3551CA2B3B79C0 /* icon-camera.svg in Resources */ = {isa = PBXBuildFile; fileRef = BF8C9CA2F796E1A53FDE075E /* icon-camera.svg */; };
		BF8C9CA43111D800B4939BE1 /* Images.xcassets in Resources */ = {isa = PBXBuildFile; fileRef = BF8C92B58FF45F05145B8417 /* Images.xcassets */; };
		BF8C9CEBFC3F30C716011893 /* InfoPlist.strings in Resources */ = {isa = PBXBuildFile; fileRef = BF8C95F0A517D4537B390978 /* InfoPlist.strings */; };
		BF8C9FC9206ECEA761AEA352 /* Foundation.framework in Frameworks */ = {isa = PBXBuildFile; fileRef = BF8C909B038C3C71059DDEBB /* Foundation.framework */; };
		BF8C9FD5C925D087753781D5 /* BBAppDelegate.m in Sources */ = {isa = PBXBuildFile; fileRef = BF8C9A9C63E1F644C58A3AF5 /* BBAppDelegate.m */; };
		C6C817C9DDF84ADAA74FACFA /* libPods-BeeBabyTests.a in Frameworks */ = {isa = PBXBuildFile; fileRef = E28825E4F71D43198888EDA5 /* libPods-BeeBabyTests.a */; };
		EBB7F4411887953700AE839B /* BBMainControllerSpec.m in Sources */ = {isa = PBXBuildFile; fileRef = EBB7F4401887953700AE839B /* BBMainControllerSpec.m */; };
		FCDDD318FB254C8DBE98CE7F /* libPods-BeeBaby.a in Frameworks */ = {isa = PBXBuildFile; fileRef = 00E5F8DAA30F47FE902407F3 /* libPods-BeeBaby.a */; };
/* End PBXBuildFile section */

/* Begin PBXContainerItemProxy section */
		BF8C9D4A66E8C1B4E0225A68 /* PBXContainerItemProxy */ = {
			isa = PBXContainerItemProxy;
			containerPortal = BF8C9571380C6EF4AAEE1697 /* Project object */;
			proxyType = 1;
			remoteGlobalIDString = BF8C99253D47FEE58DDD3562;
			remoteInfo = BeeBaby;
		};
/* End PBXContainerItemProxy section */

/* Begin PBXFileReference section */
		00E5F8DAA30F47FE902407F3 /* libPods-BeeBaby.a */ = {isa = PBXFileReference; explicitFileType = archive.ar; includeInIndex = 0; path = "libPods-BeeBaby.a"; sourceTree = BUILT_PRODUCTS_DIR; };
		3711A32C188D4F3000179445 /* pt */ = {isa = PBXFileReference; lastKnownFileType = text.plist.strings; name = pt; path = pt.lproj/InfoPlist.strings; sourceTree = "<group>"; };
		3711A32D188D4F3000179445 /* pt */ = {isa = PBXFileReference; lastKnownFileType = text.plist.strings; name = pt; path = pt.lproj/InfoPlist.strings; sourceTree = "<group>"; };
		373910221897C876002E4BDC /* CoreText.framework */ = {isa = PBXFileReference; lastKnownFileType = wrapper.framework; name = CoreText.framework; path = System/Library/Frameworks/CoreText.framework; sourceTree = SDKROOT; };
		373910241897C893002E4BDC /* QuartzCore.framework */ = {isa = PBXFileReference; lastKnownFileType = wrapper.framework; name = QuartzCore.framework; path = System/Library/Frameworks/QuartzCore.framework; sourceTree = SDKROOT; };
		3739102F1897F2FF002E4BDC /* icon-gallery.svg */ = {isa = PBXFileReference; fileEncoding = 4; lastKnownFileType = text.xml; path = "icon-gallery.svg"; sourceTree = "<group>"; };
		3739103618991891002E4BDC /* en */ = {isa = PBXFileReference; lastKnownFileType = text.plist.strings; name = en; path = en.lproj/Localizable.strings; sourceTree = "<group>"; };
		3739103718991892002E4BDC /* pt */ = {isa = PBXFileReference; lastKnownFileType = text.plist.strings; name = pt; path = pt.lproj/Localizable.strings; sourceTree = "<group>"; };
		659B74DC527C279A8BC77854 /* BBImagePickerController.h */ = {isa = PBXFileReference; fileEncoding = 4; lastKnownFileType = sourcecode.c.h; path = BBImagePickerController.h; sourceTree = "<group>"; };
		659B79B3B666E01D9A8FF89E /* BBImagePickerController.m */ = {isa = PBXFileReference; fileEncoding = 4; lastKnownFileType = sourcecode.c.objc; path = BBImagePickerController.m; sourceTree = "<group>"; };
		7D4C7EF9D5174B30AA7FFE94 /* Pods-BeeBaby.xcconfig */ = {isa = PBXFileReference; includeInIndex = 1; lastKnownFileType = text.xcconfig; name = "Pods-BeeBaby.xcconfig"; path = "Pods/Pods-BeeBaby.xcconfig"; sourceTree = "<group>"; };
		BF8C9054A9F194675CE3FC8D /* en */ = {isa = PBXFileReference; lastKnownFileType = text.plist.strings; name = en; path = en.lproj/InfoPlist.strings; sourceTree = "<group>"; };
		BF8C909B038C3C71059DDEBB /* Foundation.framework */ = {isa = PBXFileReference; lastKnownFileType = wrapper.framework; name = Foundation.framework; path = System/Library/Frameworks/Foundation.framework; sourceTree = SDKROOT; };
		BF8C91CF79BAF1F4DD62B6D3 /* Base */ = {isa = PBXFileReference; lastKnownFileType = file.storyboard; name = Base; path = Base.lproj/Main.storyboard; sourceTree = "<group>"; };
		BF8C92B58FF45F05145B8417 /* Images.xcassets */ = {isa = PBXFileReference; lastKnownFileType = folder.assetcatalog; path = Images.xcassets; sourceTree = "<group>"; };
		BF8C93B9AFA0FAD1FAAA55E0 /* BBImageCollectionViewController.m */ = {isa = PBXFileReference; fileEncoding = 4; lastKnownFileType = sourcecode.c.objc; path = BBImageCollectionViewController.m; sourceTree = "<group>"; };
		BF8C9549F07DF4D0004A0402 /* BeeBaby.app */ = {isa = PBXFileReference; explicitFileType = wrapper.application; includeInIndex = 0; path = BeeBaby.app; sourceTree = BUILT_PRODUCTS_DIR; };
		BF8C95A76BF04CD791D40E98 /* BeeBaby-Info.plist */ = {isa = PBXFileReference; lastKnownFileType = text.plist.info; path = "BeeBaby-Info.plist"; sourceTree = "<group>"; };
		BF8C95FF33115398E23193E5 /* BBAppDelegate.h */ = {isa = PBXFileReference; fileEncoding = 4; lastKnownFileType = sourcecode.c.h; path = BBAppDelegate.h; sourceTree = "<group>"; };
		BF8C9667ED67CFC68111FF64 /* BBImageCollectionViewController.h */ = {isa = PBXFileReference; fileEncoding = 4; lastKnownFileType = sourcecode.c.h; path = BBImageCollectionViewController.h; sourceTree = "<group>"; };
		BF8C97661E0F4975C047DEF1 /* BBMainController.m */ = {isa = PBXFileReference; fileEncoding = 4; lastKnownFileType = sourcecode.c.objc; path = BBMainController.m; sourceTree = "<group>"; };
		BF8C97773CD6D60DEFCFCB54 /* XCTest.framework */ = {isa = PBXFileReference; lastKnownFileType = wrapper.framework; name = XCTest.framework; path = Library/Frameworks/XCTest.framework; sourceTree = DEVELOPER_DIR; };
		BF8C9873DDA5BC83FC085B23 /* default.css */ = {isa = PBXFileReference; fileEncoding = 4; lastKnownFileType = text.css; path = default.css; sourceTree = "<group>"; };
		BF8C991D2DE7A98C64841EE7 /* BBMainController.h */ = {isa = PBXFileReference; fileEncoding = 4; lastKnownFileType = sourcecode.c.h; path = BBMainController.h; sourceTree = "<group>"; };
		BF8C99232E2EE0E0D11EFD89 /* CoreGraphics.framework */ = {isa = PBXFileReference; lastKnownFileType = wrapper.framework; name = CoreGraphics.framework; path = System/Library/Frameworks/CoreGraphics.framework; sourceTree = SDKROOT; };
		BF8C99DC2BCC9F8D50CF2090 /* en */ = {isa = PBXFileReference; lastKnownFileType = text.plist.strings; name = en; path = en.lproj/InfoPlist.strings; sourceTree = "<group>"; };
		BF8C9A9C63E1F644C58A3AF5 /* BBAppDelegate.m */ = {isa = PBXFileReference; fileEncoding = 4; lastKnownFileType = sourcecode.c.objc; path = BBAppDelegate.m; sourceTree = "<group>"; };
		BF8C9B208BAAB86996B8B49A /* main.m */ = {isa = PBXFileReference; lastKnownFileType = sourcecode.c.objc; path = main.m; sourceTree = "<group>"; };
		BF8C9BCA20191DC0053B1E92 /* BeeBabyTests-Info.plist */ = {isa = PBXFileReference; lastKnownFileType = text.plist.info; path = "BeeBabyTests-Info.plist"; sourceTree = "<group>"; };
		BF8C9C2DFF02FB49CD1C3A86 /* icon-check.svg */ = {isa = PBXFileReference; lastKnownFileType = file.svg; path = "icon-check.svg"; sourceTree = "<group>"; };
		BF8C9CA2F796E1A53FDE075E /* icon-camera.svg */ = {isa = PBXFileReference; lastKnownFileType = file.svg; path = "icon-camera.svg"; sourceTree = "<group>"; };
		BF8C9D1A660165B47323C787 /* BeeBaby-Prefix.pch */ = {isa = PBXFileReference; lastKnownFileType = sourcecode.c.h; path = "BeeBaby-Prefix.pch"; sourceTree = "<group>"; };
		BF8C9D3F85E3E91D97C7CA66 /* BeeBabyTests.xctest */ = {isa = PBXFileReference; explicitFileType = wrapper.cfbundle; includeInIndex = 0; path = BeeBabyTests.xctest; sourceTree = BUILT_PRODUCTS_DIR; };
		BF8C9F3815FF8258A58248BF /* icon-check-circle.svg */ = {isa = PBXFileReference; lastKnownFileType = file.svg; path = "icon-check-circle.svg"; sourceTree = "<group>"; };
		BF8C9F46C197C940BFDD2246 /* UIKit.framework */ = {isa = PBXFileReference; lastKnownFileType = wrapper.framework; name = UIKit.framework; path = System/Library/Frameworks/UIKit.framework; sourceTree = SDKROOT; };
		E28825E4F71D43198888EDA5 /* libPods-BeeBabyTests.a */ = {isa = PBXFileReference; explicitFileType = archive.ar; includeInIndex = 0; path = "libPods-BeeBabyTests.a"; sourceTree = BUILT_PRODUCTS_DIR; };
		EBB7F4401887953700AE839B /* BBMainControllerSpec.m */ = {isa = PBXFileReference; fileEncoding = 4; lastKnownFileType = sourcecode.c.objc; path = BBMainControllerSpec.m; sourceTree = "<group>"; };
		EEB01938729C48AC848F9618 /* Pods-BeeBabyTests.xcconfig */ = {isa = PBXFileReference; includeInIndex = 1; lastKnownFileType = text.xcconfig; name = "Pods-BeeBabyTests.xcconfig"; path = "Pods/Pods-BeeBabyTests.xcconfig"; sourceTree = "<group>"; };
/* End PBXFileReference section */

/* Begin PBXFrameworksBuildPhase section */
		BF8C932725891B2E800580FC /* Frameworks */ = {
			isa = PBXFrameworksBuildPhase;
			buildActionMask = 2147483647;
			files = (
				BF8C9880FED4DA39718BBE87 /* XCTest.framework in Frameworks */,
				BF8C90FF9D748D031121A31E /* Foundation.framework in Frameworks */,
				BF8C908F351BD4B72F4658C5 /* UIKit.framework in Frameworks */,
				C6C817C9DDF84ADAA74FACFA /* libPods-BeeBabyTests.a in Frameworks */,
			);
			runOnlyForDeploymentPostprocessing = 0;
		};
		BF8C9B61BC353A1978C55302 /* Frameworks */ = {
			isa = PBXFrameworksBuildPhase;
			buildActionMask = 2147483647;
			files = (
				BF8C9FC9206ECEA761AEA352 /* Foundation.framework in Frameworks */,
				BF8C958D410A3C8134EBF17D /* CoreGraphics.framework in Frameworks */,
				BF8C95D804108A23FEB79DF8 /* UIKit.framework in Frameworks */,
				FCDDD318FB254C8DBE98CE7F /* libPods-BeeBaby.a in Frameworks */,
			);
			runOnlyForDeploymentPostprocessing = 0;
		};
/* End PBXFrameworksBuildPhase section */

/* Begin PBXGroup section */
		BF8C90390821F527CC7AA8EF /* Icons */ = {
			isa = PBXGroup;
			children = (
				3739102F1897F2FF002E4BDC /* icon-gallery.svg */,
				BF8C9CA2F796E1A53FDE075E /* icon-camera.svg */,
				BF8C9F3815FF8258A58248BF /* icon-check-circle.svg */,
				BF8C9C2DFF02FB49CD1C3A86 /* icon-check.svg */,
			);
			path = Icons;
			sourceTree = "<group>";
		};
		BF8C922972820974EBD984E5 /* Products */ = {
			isa = PBXGroup;
			children = (
				BF8C9549F07DF4D0004A0402 /* BeeBaby.app */,
				BF8C9D3F85E3E91D97C7CA66 /* BeeBabyTests.xctest */,
			);
			name = Products;
			sourceTree = "<group>";
		};
		BF8C928AAA4C70E0D6DDF2C0 /* Sources */ = {
			isa = PBXGroup;
			children = (
				EB449B24188A70BC00D974F7 /* Controllers */,
				BF8C9A9C63E1F644C58A3AF5 /* BBAppDelegate.m */,
				BF8C95FF33115398E23193E5 /* BBAppDelegate.h */,
			);
			path = Sources;
			sourceTree = "<group>";
		};
		BF8C9494D9FE38D69B4D8940 /* BeeBabyTests */ = {
			isa = PBXGroup;
			children = (
				BF8C9EB901F03197E56BE4B9 /* Supporting Files */,
				EBB7F4401887953700AE839B /* BBMainControllerSpec.m */,
			);
			path = BeeBabyTests;
			sourceTree = "<group>";
		};
		BF8C95AE30F8BF2FBCAB3D34 /* BeeBaby */ = {
			isa = PBXGroup;
			children = (
				BF8C9F237C6BD3FE907BB08A /* Supporting Files */,
				BF8C92B58FF45F05145B8417 /* Images.xcassets */,
				BF8C928AAA4C70E0D6DDF2C0 /* Sources */,
				BF8C9E84FFD27719397C18F6 /* Storyboards */,
				BF8C977D58C2206E9B19D741 /* Resources */,
			);
			path = BeeBaby;
			sourceTree = "<group>";
		};
		BF8C977D58C2206E9B19D741 /* Resources */ = {
			isa = PBXGroup;
			children = (
				BF8C90390821F527CC7AA8EF /* Icons */,
				BF8C9873DDA5BC83FC085B23 /* default.css */,
				373910351899188D002E4BDC /* Localizable.strings */,
			);
			path = Resources;
			sourceTree = "<group>";
		};
		BF8C986C79F043E966B350AF = {
			isa = PBXGroup;
			children = (
				BF8C922972820974EBD984E5 /* Products */,
				BF8C99D9B6E331BF30434C71 /* Frameworks */,
				BF8C95AE30F8BF2FBCAB3D34 /* BeeBaby */,
				BF8C9494D9FE38D69B4D8940 /* BeeBabyTests */,
				7D4C7EF9D5174B30AA7FFE94 /* Pods-BeeBaby.xcconfig */,
				EEB01938729C48AC848F9618 /* Pods-BeeBabyTests.xcconfig */,
			);
			sourceTree = "<group>";
		};
		BF8C99D9B6E331BF30434C71 /* Frameworks */ = {
			isa = PBXGroup;
			children = (
				373910241897C893002E4BDC /* QuartzCore.framework */,
				373910221897C876002E4BDC /* CoreText.framework */,
				BF8C909B038C3C71059DDEBB /* Foundation.framework */,
				BF8C99232E2EE0E0D11EFD89 /* CoreGraphics.framework */,
				BF8C9F46C197C940BFDD2246 /* UIKit.framework */,
				BF8C97773CD6D60DEFCFCB54 /* XCTest.framework */,
				00E5F8DAA30F47FE902407F3 /* libPods-BeeBaby.a */,
				E28825E4F71D43198888EDA5 /* libPods-BeeBabyTests.a */,
			);
			name = Frameworks;
			sourceTree = "<group>";
		};
		BF8C9E84FFD27719397C18F6 /* Storyboards */ = {
			isa = PBXGroup;
			children = (
				BF8C974498D32B8B09F8BB81 /* Main.storyboard */,
			);
			name = Storyboards;
			sourceTree = "<group>";
		};
		BF8C9EB901F03197E56BE4B9 /* Supporting Files */ = {
			isa = PBXGroup;
			children = (
				BF8C9BCA20191DC0053B1E92 /* BeeBabyTests-Info.plist */,
				BF8C95F0A517D4537B390978 /* InfoPlist.strings */,
			);
			name = "Supporting Files";
			sourceTree = "<group>";
		};
		BF8C9F237C6BD3FE907BB08A /* Supporting Files */ = {
			isa = PBXGroup;
			children = (
				BF8C95A76BF04CD791D40E98 /* BeeBaby-Info.plist */,
				BF8C9D64C965735EEA4F1132 /* InfoPlist.strings */,
				BF8C9B208BAAB86996B8B49A /* main.m */,
				BF8C9D1A660165B47323C787 /* BeeBaby-Prefix.pch */,
			);
			name = "Supporting Files";
			sourceTree = "<group>";
		};
		EB449B24188A70BC00D974F7 /* Controllers */ = {
			isa = PBXGroup;
			children = (
				BF8C991D2DE7A98C64841EE7 /* BBMainController.h */,
				BF8C97661E0F4975C047DEF1 /* BBMainController.m */,
				659B74DC527C279A8BC77854 /* BBImagePickerController.h */,
				659B79B3B666E01D9A8FF89E /* BBImagePickerController.m */,
				BF8C93B9AFA0FAD1FAAA55E0 /* BBImageCollectionViewController.m */,
				BF8C9667ED67CFC68111FF64 /* BBImageCollectionViewController.h */,
			);
			name = Controllers;
			sourceTree = "<group>";
		};
/* End PBXGroup section */

/* Begin PBXNativeTarget section */
		BF8C99253D47FEE58DDD3562 /* BeeBaby */ = {
			isa = PBXNativeTarget;
			buildConfigurationList = BF8C9A1CC7A417F1CCB06B01 /* Build configuration list for PBXNativeTarget "BeeBaby" */;
			buildPhases = (
				43FFD13FCD1847958BCC0DFD /* Check Pods Manifest.lock */,
				BF8C91560DD1CFBC2D844871 /* Sources */,
				BF8C9B61BC353A1978C55302 /* Frameworks */,
				BF8C91AACC9E513434521AAB /* Resources */,
				1DEF2B2C264746A18B1283F4 /* Copy Pods Resources */,
			);
			buildRules = (
			);
			dependencies = (
			);
			name = BeeBaby;
			productName = BeeBaby;
			productReference = BF8C9549F07DF4D0004A0402 /* BeeBaby.app */;
			productType = "com.apple.product-type.application";
		};
		BF8C9D7F454CCE3EEBDC7ECC /* BeeBabyTests */ = {
			isa = PBXNativeTarget;
			buildConfigurationList = BF8C97777D12FCD7D79B8540 /* Build configuration list for PBXNativeTarget "BeeBabyTests" */;
			buildPhases = (
				D8AFCC1501F046DC884625CC /* Check Pods Manifest.lock */,
				BF8C912720159AD15A53DBE9 /* Sources */,
				BF8C932725891B2E800580FC /* Frameworks */,
				BF8C9EE74ECF77B7FD863EF4 /* Resources */,
				25B529ED9C0942FC891C0B3B /* Copy Pods Resources */,
			);
			buildRules = (
			);
			dependencies = (
				BF8C9B725A60DC27326E688A /* PBXTargetDependency */,
			);
			name = BeeBabyTests;
			productName = BeeBabyTests;
			productReference = BF8C9D3F85E3E91D97C7CA66 /* BeeBabyTests.xctest */;
			productType = "com.apple.product-type.bundle.unit-test";
		};
/* End PBXNativeTarget section */

/* Begin PBXProject section */
		BF8C9571380C6EF4AAEE1697 /* Project object */ = {
			isa = PBXProject;
			attributes = {
				CLASSPREFIX = BB;
				ORGANIZATIONNAME = Lighthouse;
			};
			buildConfigurationList = BF8C96B3496EE1559BA287E0 /* Build configuration list for PBXProject "BeeBaby" */;
			compatibilityVersion = "Xcode 3.2";
			developmentRegion = English;
			hasScannedForEncodings = 0;
			knownRegions = (
				en,
				pt,
			);
			mainGroup = BF8C986C79F043E966B350AF;
			productRefGroup = BF8C922972820974EBD984E5 /* Products */;
			projectDirPath = "";
			projectRoot = "";
			targets = (
				BF8C99253D47FEE58DDD3562 /* BeeBaby */,
				BF8C9D7F454CCE3EEBDC7ECC /* BeeBabyTests */,
			);
		};
/* End PBXProject section */

/* Begin PBXResourcesBuildPhase section */
		BF8C91AACC9E513434521AAB /* Resources */ = {
			isa = PBXResourcesBuildPhase;
			buildActionMask = 2147483647;
			files = (
				BF8C931CFB484D2C8045824E /* InfoPlist.strings in Resources */,
				BF8C9CA43111D800B4939BE1 /* Images.xcassets in Resources */,
				373910301897F2FF002E4BDC /* icon-gallery.svg in Resources */,
				373910331899188D002E4BDC /* Localizable.strings in Resources */,
				BF8C92E3E66F7F0E77F71059 /* Main.storyboard in Resources */,
				BF8C91802543E2CC0A86F84F /* default.css in Resources */,
				BF8C9B636C3551CA2B3B79C0 /* icon-camera.svg in Resources */,
				BF8C99B427FD367701956FE9 /* icon-check-circle.svg in Resources */,
				BF8C910AB8B7CDE8D37CC585 /* icon-check.svg in Resources */,
			);
			runOnlyForDeploymentPostprocessing = 0;
		};
		BF8C9EE74ECF77B7FD863EF4 /* Resources */ = {
			isa = PBXResourcesBuildPhase;
			buildActionMask = 2147483647;
			files = (
				BF8C9CEBFC3F30C716011893 /* InfoPlist.strings in Resources */,
			);
			runOnlyForDeploymentPostprocessing = 0;
		};
/* End PBXResourcesBuildPhase section */

/* Begin PBXShellScriptBuildPhase section */
		1DEF2B2C264746A18B1283F4 /* Copy Pods Resources */ = {
			isa = PBXShellScriptBuildPhase;
			buildActionMask = 2147483647;
			files = (
			);
			inputPaths = (
			);
			name = "Copy Pods Resources";
			outputPaths = (
			);
			runOnlyForDeploymentPostprocessing = 0;
			shellPath = /bin/sh;
			shellScript = "\"${SRCROOT}/Pods/Pods-BeeBaby-resources.sh\"\n";
			showEnvVarsInLog = 0;
		};
		25B529ED9C0942FC891C0B3B /* Copy Pods Resources */ = {
			isa = PBXShellScriptBuildPhase;
			buildActionMask = 2147483647;
			files = (
			);
			inputPaths = (
			);
			name = "Copy Pods Resources";
			outputPaths = (
			);
			runOnlyForDeploymentPostprocessing = 0;
			shellPath = /bin/sh;
			shellScript = "\"${SRCROOT}/Pods/Pods-BeeBabyTests-resources.sh\"\n";
			showEnvVarsInLog = 0;
		};
		43FFD13FCD1847958BCC0DFD /* Check Pods Manifest.lock */ = {
			isa = PBXShellScriptBuildPhase;
			buildActionMask = 2147483647;
			files = (
			);
			inputPaths = (
			);
			name = "Check Pods Manifest.lock";
			outputPaths = (
			);
			runOnlyForDeploymentPostprocessing = 0;
			shellPath = /bin/sh;
			shellScript = "diff \"${PODS_ROOT}/../Podfile.lock\" \"${PODS_ROOT}/Manifest.lock\" > /dev/null\nif [[ $? != 0 ]] ; then\n    cat << EOM\nerror: The sandbox is not in sync with the Podfile.lock. Run 'pod install' or update your CocoaPods installation.\nEOM\n    exit 1\nfi\n";
			showEnvVarsInLog = 0;
		};
		D8AFCC1501F046DC884625CC /* Check Pods Manifest.lock */ = {
			isa = PBXShellScriptBuildPhase;
			buildActionMask = 2147483647;
			files = (
			);
			inputPaths = (
			);
			name = "Check Pods Manifest.lock";
			outputPaths = (
			);
			runOnlyForDeploymentPostprocessing = 0;
			shellPath = /bin/sh;
			shellScript = "diff \"${PODS_ROOT}/../Podfile.lock\" \"${PODS_ROOT}/Manifest.lock\" > /dev/null\nif [[ $? != 0 ]] ; then\n    cat << EOM\nerror: The sandbox is not in sync with the Podfile.lock. Run 'pod install' or update your CocoaPods installation.\nEOM\n    exit 1\nfi\n";
			showEnvVarsInLog = 0;
		};
/* End PBXShellScriptBuildPhase section */

/* Begin PBXSourcesBuildPhase section */
		BF8C912720159AD15A53DBE9 /* Sources */ = {
			isa = PBXSourcesBuildPhase;
			buildActionMask = 2147483647;
			files = (
				EBB7F4411887953700AE839B /* BBMainControllerSpec.m in Sources */,
			);
			runOnlyForDeploymentPostprocessing = 0;
		};
		BF8C91560DD1CFBC2D844871 /* Sources */ = {
			isa = PBXSourcesBuildPhase;
			buildActionMask = 2147483647;
			files = (
				BF8C9071B92D40A2D6C652BD /* main.m in Sources */,
				BF8C9FD5C925D087753781D5 /* BBAppDelegate.m in Sources */,
				BF8C937B6421FCA2DCD0F082 /* BBMainController.m in Sources */,
				659B73C981A0829358DF0881 /* BBImagePickerController.m in Sources */,
				BF8C937AFE91B273A99ADC88 /* BBImageCollectionViewController.m in Sources */,
			);
			runOnlyForDeploymentPostprocessing = 0;
		};
/* End PBXSourcesBuildPhase section */

/* Begin PBXTargetDependency section */
		BF8C9B725A60DC27326E688A /* PBXTargetDependency */ = {
			isa = PBXTargetDependency;
			target = BF8C99253D47FEE58DDD3562 /* BeeBaby */;
			targetProxy = BF8C9D4A66E8C1B4E0225A68 /* PBXContainerItemProxy */;
		};
/* End PBXTargetDependency section */

/* Begin PBXVariantGroup section */
		373910351899188D002E4BDC /* Localizable.strings */ = {
			isa = PBXVariantGroup;
			children = (
				3739103618991891002E4BDC /* en */,
				3739103718991892002E4BDC /* pt */,
			);
			name = Localizable.strings;
			sourceTree = "<group>";
		};
		BF8C95F0A517D4537B390978 /* InfoPlist.strings */ = {
			isa = PBXVariantGroup;
			children = (
				BF8C9054A9F194675CE3FC8D /* en */,
				3711A32D188D4F3000179445 /* pt */,
			);
			name = InfoPlist.strings;
			sourceTree = "<group>";
		};
		BF8C974498D32B8B09F8BB81 /* Main.storyboard */ = {
			isa = PBXVariantGroup;
			children = (
				BF8C91CF79BAF1F4DD62B6D3 /* Base */,
			);
			name = Main.storyboard;
			sourceTree = "<group>";
		};
		BF8C9D64C965735EEA4F1132 /* InfoPlist.strings */ = {
			isa = PBXVariantGroup;
			children = (
				BF8C99DC2BCC9F8D50CF2090 /* en */,
				3711A32C188D4F3000179445 /* pt */,
			);
			name = InfoPlist.strings;
			sourceTree = "<group>";
		};
/* End PBXVariantGroup section */

/* Begin XCBuildConfiguration section */
		BF8C906BB2C8C0DDCD67419A /* Debug */ = {
			isa = XCBuildConfiguration;
			baseConfigurationReference = EEB01938729C48AC848F9618 /* Pods-BeeBabyTests.xcconfig */;
			buildSettings = {
				FRAMEWORK_SEARCH_PATHS = (
					"$(SDKROOT)/Developer/Library/Frameworks",
					"$(inherited)",
				);
				GCC_PRECOMPILE_PREFIX_HEADER = YES;
				GCC_PREFIX_HEADER = "BeeBaby/BeeBaby-Prefix.pch";
				INFOPLIST_FILE = "BeeBabyTests/BeeBabyTests-Info.plist";
				PRODUCT_NAME = "$(TARGET_NAME)";
				WRAPPER_EXTENSION = xctest;
			};
			name = Debug;
		};
		BF8C92C99F91EBF41C7AA3B3 /* Release */ = {
			isa = XCBuildConfiguration;
			baseConfigurationReference = EEB01938729C48AC848F9618 /* Pods-BeeBabyTests.xcconfig */;
			buildSettings = {
				FRAMEWORK_SEARCH_PATHS = (
					"$(SDKROOT)/Developer/Library/Frameworks",
					"$(inherited)",
				);
				GCC_PRECOMPILE_PREFIX_HEADER = YES;
				GCC_PREFIX_HEADER = "BeeBaby/BeeBaby-Prefix.pch";
				INFOPLIST_FILE = "BeeBabyTests/BeeBabyTests-Info.plist";
				PRODUCT_NAME = "$(TARGET_NAME)";
				WRAPPER_EXTENSION = xctest;
			};
			name = Release;
		};
		BF8C957D7B456DC07F82D98A /* Release */ = {
			isa = XCBuildConfiguration;
			buildSettings = {
				ALWAYS_SEARCH_USER_PATHS = NO;
				ARCHS = "$(ARCHS_STANDARD_INCLUDING_64_BIT)";
				CLANG_CXX_LANGUAGE_STANDARD = "gnu++0x";
				CLANG_CXX_LIBRARY = "libc++";
				CLANG_ENABLE_MODULES = YES;
				CLANG_ENABLE_OBJC_ARC = YES;
				CLANG_WARN_BOOL_CONVERSION = YES;
				CLANG_WARN_CONSTANT_CONVERSION = YES;
				CLANG_WARN_DIRECT_OBJC_ISA_USAGE = YES_ERROR;
				CLANG_WARN_EMPTY_BODY = YES;
				CLANG_WARN_ENUM_CONVERSION = YES;
				CLANG_WARN_INT_CONVERSION = YES;
				CLANG_WARN_OBJC_ROOT_CLASS = YES_ERROR;
				CLANG_WARN__DUPLICATE_METHOD_MATCH = YES;
				"CODE_SIGN_IDENTITY[sdk=iphoneos*]" = "iPhone Developer";
				COPY_PHASE_STRIP = YES;
				ENABLE_NS_ASSERTIONS = NO;
				GCC_C_LANGUAGE_STANDARD = gnu99;
				GCC_WARN_64_TO_32_BIT_CONVERSION = YES;
				GCC_WARN_ABOUT_RETURN_TYPE = YES_ERROR;
				GCC_WARN_UNDECLARED_SELECTOR = YES;
				GCC_WARN_UNINITIALIZED_AUTOS = YES;
				GCC_WARN_UNUSED_FUNCTION = YES;
				GCC_WARN_UNUSED_VARIABLE = YES;
				IPHONEOS_DEPLOYMENT_TARGET = 7.0;
				OTHER_LDFLAGS = "-ObjC";
				SDKROOT = iphoneos;
				VALIDATE_PRODUCT = YES;
			};
			name = Release;
		};
		BF8C98D1876D371E26611434 /* Debug */ = {
			isa = XCBuildConfiguration;
			buildSettings = {
				ALWAYS_SEARCH_USER_PATHS = NO;
				ARCHS = "$(ARCHS_STANDARD_INCLUDING_64_BIT)";
				CLANG_CXX_LANGUAGE_STANDARD = "gnu++0x";
				CLANG_CXX_LIBRARY = "libc++";
				CLANG_ENABLE_MODULES = YES;
				CLANG_ENABLE_OBJC_ARC = YES;
				CLANG_WARN_BOOL_CONVERSION = YES;
				CLANG_WARN_CONSTANT_CONVERSION = YES;
				CLANG_WARN_DIRECT_OBJC_ISA_USAGE = YES_ERROR;
				CLANG_WARN_EMPTY_BODY = YES;
				CLANG_WARN_ENUM_CONVERSION = YES;
				CLANG_WARN_INT_CONVERSION = YES;
				CLANG_WARN_OBJC_ROOT_CLASS = YES_ERROR;
				CLANG_WARN__DUPLICATE_METHOD_MATCH = YES;
				"CODE_SIGN_IDENTITY[sdk=iphoneos*]" = "iPhone Developer";
				COPY_PHASE_STRIP = NO;
				GCC_C_LANGUAGE_STANDARD = gnu99;
				GCC_DYNAMIC_NO_PIC = NO;
				GCC_OPTIMIZATION_LEVEL = 0;
				GCC_PREPROCESSOR_DEFINITIONS = (
					"DEBUG=1",
					"$(inherited)",
				);
				GCC_SYMBOLS_PRIVATE_EXTERN = NO;
				GCC_WARN_64_TO_32_BIT_CONVERSION = YES;
				GCC_WARN_ABOUT_RETURN_TYPE = YES_ERROR;
				GCC_WARN_UNDECLARED_SELECTOR = YES;
				GCC_WARN_UNINITIALIZED_AUTOS = YES;
				GCC_WARN_UNUSED_FUNCTION = YES;
				GCC_WARN_UNUSED_VARIABLE = YES;
				IPHONEOS_DEPLOYMENT_TARGET = 7.0;
				ONLY_ACTIVE_ARCH = YES;
				OTHER_LDFLAGS = "-ObjC";
				SDKROOT = iphoneos;
			};
			name = Debug;
		};
		BF8C99B8A76E8A4649A47E77 /* Release */ = {
			isa = XCBuildConfiguration;
			baseConfigurationReference = 7D4C7EF9D5174B30AA7FFE94 /* Pods-BeeBaby.xcconfig */;
			buildSettings = {
				ASSETCATALOG_COMPILER_APPICON_NAME = AppIcon;
				ASSETCATALOG_COMPILER_LAUNCHIMAGE_NAME = LaunchImage;
				FRAMEWORK_SEARCH_PATHS = (
					"$(inherited)",
					/Users/marlon/Documents/GitHub/BeeBaby,
				);
				GCC_PRECOMPILE_PREFIX_HEADER = YES;
				GCC_PREFIX_HEADER = "BeeBaby/BeeBaby-Prefix.pch";
				INFOPLIST_FILE = "BeeBaby/BeeBaby-Info.plist";
				PRODUCT_NAME = "$(TARGET_NAME)";
				WRAPPER_EXTENSION = app;
			};
			name = Release;
		};
		BF8C9A6810807FA3B48827D1 /* Debug */ = {
			isa = XCBuildConfiguration;
			baseConfigurationReference = 7D4C7EF9D5174B30AA7FFE94 /* Pods-BeeBaby.xcconfig */;
			buildSettings = {
				ASSETCATALOG_COMPILER_APPICON_NAME = AppIcon;
				ASSETCATALOG_COMPILER_LAUNCHIMAGE_NAME = LaunchImage;
				FRAMEWORK_SEARCH_PATHS = (
					"$(inherited)",
					/Users/marlon/Documents/GitHub/BeeBaby,
				);
				GCC_PRECOMPILE_PREFIX_HEADER = YES;
				GCC_PREFIX_HEADER = "BeeBaby/BeeBaby-Prefix.pch";
				INFOPLIST_FILE = "BeeBaby/BeeBaby-Info.plist";
				PRODUCT_NAME = "$(TARGET_NAME)";
				WRAPPER_EXTENSION = app;
			};
			name = Debug;
		};
/* End XCBuildConfiguration section */

/* Begin XCConfigurationList section */
		BF8C96B3496EE1559BA287E0 /* Build configuration list for PBXProject "BeeBaby" */ = {
			isa = XCConfigurationList;
			buildConfigurations = (
				BF8C957D7B456DC07F82D98A /* Release */,
				BF8C98D1876D371E26611434 /* Debug */,
			);
			defaultConfigurationIsVisible = 0;
			defaultConfigurationName = Release;
		};
		BF8C97777D12FCD7D79B8540 /* Build configuration list for PBXNativeTarget "BeeBabyTests" */ = {
			isa = XCConfigurationList;
			buildConfigurations = (
				BF8C92C99F91EBF41C7AA3B3 /* Release */,
				BF8C906BB2C8C0DDCD67419A /* Debug */,
			);
			defaultConfigurationIsVisible = 0;
			defaultConfigurationName = Release;
		};
		BF8C9A1CC7A417F1CCB06B01 /* Build configuration list for PBXNativeTarget "BeeBaby" */ = {
			isa = XCConfigurationList;
			buildConfigurations = (
				BF8C99B8A76E8A4649A47E77 /* Release */,
				BF8C9A6810807FA3B48827D1 /* Debug */,
			);
			defaultConfigurationIsVisible = 0;
			defaultConfigurationName = Release;
		};
/* End XCConfigurationList section */
	};
	rootObject = BF8C9571380C6EF4AAEE1697 /* Project object */;
}
