<?xml version="1.0" encoding="UTF-8"?>
<Scheme
   version = "1.3">
   <BuildAction>
      <BuildActionEntries>
         <BuildActionEntry
            buildForRunning = "YES">
            <BuildableReference
               BuildableIdentifier = "primary"
               BlueprintIdentifier = "BF8C99253D47FEE58DDD3562"
               BuildableName = "BeeBaby.app"
               BlueprintName = "BeeBaby"
               ReferencedContainer = "container:BeeBaby.xcodeproj">
            </BuildableReference>
         </BuildActionEntry>
      </BuildActionEntries>
   </BuildAction>
   <LaunchAction
      useCustomWorkingDirectory = "NO"
      buildConfiguration = "Debug">
      <BuildableProductRunnable>
         <BuildableReference
            BuildableIdentifier = "primary"
            BlueprintIdentifier = "BF8C99253D47FEE58DDD3562"
            BuildableName = "BeeBaby.app"
            BlueprintName = "BeeBaby"
            ReferencedContainer = "container:BeeBaby.xcodeproj">
         </BuildableReference>
      </BuildableProductRunnable>
   </LaunchAction>
</Scheme>
